// !$*UTF8*$!
{
	archiveVersion = 1;
	classes = {
	};
	objectVersion = 56;
	objects = {

/* Begin PBXBuildFile section */
		FB1848D42B1C4A1700B3FAB6 /* WheelchairAppApp.swift in Sources */ = {isa = PBXBuildFile; fileRef = FB1848D32B1C4A1700B3FAB6 /* WheelchairAppApp.swift */; };
		FB1848D62B1C4A1700B3FAB6 /* ContentView.swift in Sources */ = {isa = PBXBuildFile; fileRef = FB1848D52B1C4A1700B3FAB6 /* ContentView.swift */; };
		FB1848D82B1C4A1D00B3FAB6 /* Assets.xcassets in Resources */ = {isa = PBXBuildFile; fileRef = FB1848D72B1C4A1D00B3FAB6 /* Assets.xcassets */; };
		FB1848DB2B1C4A1D00B3FAB6 /* Preview Assets.xcassets in Resources */ = {isa = PBXBuildFile; fileRef = FB1848DA2B1C4A1D00B3FAB6 /* Preview Assets.xcassets */; };
		FB65D4322B1D2B2000AD6900 /* MainMap.swift in Sources */ = {isa = PBXBuildFile; fileRef = FB65D4312B1D2B2000AD6900 /* MainMap.swift */; };
		FB65D4342B1D2DC200AD6900 /* ConfirmLocationView.swift in Sources */ = {isa = PBXBuildFile; fileRef = FB65D4332B1D2DC200AD6900 /* ConfirmLocationView.swift */; };
		FB65D4362B1D2F5100AD6900 /* LocationManager.swift in Sources */ = {isa = PBXBuildFile; fileRef = FB65D4352B1D2F5100AD6900 /* LocationManager.swift */; };
		FB65D4542B204D2500AD6900 /* AddPinInfoView.swift in Sources */ = {isa = PBXBuildFile; fileRef = FB65D4532B204D2500AD6900 /* AddPinInfoView.swift */; };
		FB65D4572B2055B800AD6900 /* MoveablePinMap.swift in Sources */ = {isa = PBXBuildFile; fileRef = FB65D4562B2055B800AD6900 /* MoveablePinMap.swift */; };
		FB65D4592B206B7300AD6900 /* DraggablePinData.swift in Sources */ = {isa = PBXBuildFile; fileRef = FB65D4582B206B7200AD6900 /* DraggablePinData.swift */; };
		FB65D45B2B20835C00AD6900 /* DisplayPinInfoView.swift in Sources */ = {isa = PBXBuildFile; fileRef = FB65D45A2B20835C00AD6900 /* DisplayPinInfoView.swift */; };
		FB65D45D2B21BDED00AD6900 /* MarkerStore.swift in Sources */ = {isa = PBXBuildFile; fileRef = FB65D45C2B21BDED00AD6900 /* MarkerStore.swift */; };
		FB65D4612B25831500AD6900 /* MapTest.swift in Sources */ = {isa = PBXBuildFile; fileRef = FB65D4602B25831500AD6900 /* MapTest.swift */; };
		FB65D4632B258EF700AD6900 /* TestView.swift in Sources */ = {isa = PBXBuildFile; fileRef = FB65D4622B258EF700AD6900 /* TestView.swift */; };
/* End PBXBuildFile section */

/* Begin PBXFileReference section */
		FB1848D02B1C4A1700B3FAB6 /* WheelchairApp.app */ = {isa = PBXFileReference; explicitFileType = wrapper.application; includeInIndex = 0; path = WheelchairApp.app; sourceTree = BUILT_PRODUCTS_DIR; };
		FB1848D32B1C4A1700B3FAB6 /* WheelchairAppApp.swift */ = {isa = PBXFileReference; lastKnownFileType = sourcecode.swift; path = WheelchairAppApp.swift; sourceTree = "<group>"; };
		FB1848D52B1C4A1700B3FAB6 /* ContentView.swift */ = {isa = PBXFileReference; lastKnownFileType = sourcecode.swift; path = ContentView.swift; sourceTree = "<group>"; };
		FB1848D72B1C4A1D00B3FAB6 /* Assets.xcassets */ = {isa = PBXFileReference; lastKnownFileType = folder.assetcatalog; path = Assets.xcassets; sourceTree = "<group>"; };
		FB1848DA2B1C4A1D00B3FAB6 /* Preview Assets.xcassets */ = {isa = PBXFileReference; lastKnownFileType = folder.assetcatalog; path = "Preview Assets.xcassets"; sourceTree = "<group>"; };
		FB65D4312B1D2B2000AD6900 /* MainMap.swift */ = {isa = PBXFileReference; lastKnownFileType = sourcecode.swift; path = MainMap.swift; sourceTree = "<group>"; };
		FB65D4332B1D2DC200AD6900 /* ConfirmLocationView.swift */ = {isa = PBXFileReference; lastKnownFileType = sourcecode.swift; path = ConfirmLocationView.swift; sourceTree = "<group>"; };
		FB65D4352B1D2F5100AD6900 /* LocationManager.swift */ = {isa = PBXFileReference; lastKnownFileType = sourcecode.swift; path = LocationManager.swift; sourceTree = "<group>"; };
		FB65D4532B204D2500AD6900 /* AddPinInfoView.swift */ = {isa = PBXFileReference; lastKnownFileType = sourcecode.swift; path = AddPinInfoView.swift; sourceTree = "<group>"; };
		FB65D4562B2055B800AD6900 /* MoveablePinMap.swift */ = {isa = PBXFileReference; lastKnownFileType = sourcecode.swift; path = MoveablePinMap.swift; sourceTree = "<group>"; };
		FB65D4582B206B7200AD6900 /* DraggablePinData.swift */ = {isa = PBXFileReference; lastKnownFileType = sourcecode.swift; path = DraggablePinData.swift; sourceTree = "<group>"; };
		FB65D45A2B20835C00AD6900 /* DisplayPinInfoView.swift */ = {isa = PBXFileReference; lastKnownFileType = sourcecode.swift; path = DisplayPinInfoView.swift; sourceTree = "<group>"; };
		FB65D45C2B21BDED00AD6900 /* MarkerStore.swift */ = {isa = PBXFileReference; lastKnownFileType = sourcecode.swift; path = MarkerStore.swift; sourceTree = "<group>"; };
		FB65D4602B25831500AD6900 /* MapTest.swift */ = {isa = PBXFileReference; lastKnownFileType = sourcecode.swift; path = MapTest.swift; sourceTree = "<group>"; };
		FB65D4622B258EF700AD6900 /* TestView.swift */ = {isa = PBXFileReference; lastKnownFileType = sourcecode.swift; path = TestView.swift; sourceTree = "<group>"; };
/* End PBXFileReference section */

/* Begin PBXFrameworksBuildPhase section */
		FB1848CD2B1C4A1700B3FAB6 /* Frameworks */ = {
			isa = PBXFrameworksBuildPhase;
			buildActionMask = 2147483647;
			files = (
			);
			runOnlyForDeploymentPostprocessing = 0;
		};
/* End PBXFrameworksBuildPhase section */

/* Begin PBXGroup section */
		FB1848C72B1C4A1700B3FAB6 = {
			isa = PBXGroup;
			children = (
				FB65D4622B258EF700AD6900 /* TestView.swift */,
				FB1848D22B1C4A1700B3FAB6 /* WheelchairApp */,
				FB1848D12B1C4A1700B3FAB6 /* Products */,
			);
			sourceTree = "<group>";
		};
		FB1848D12B1C4A1700B3FAB6 /* Products */ = {
			isa = PBXGroup;
			children = (
				FB1848D02B1C4A1700B3FAB6 /* WheelchairApp.app */,
			);
			name = Products;
			sourceTree = "<group>";
		};
		FB1848D22B1C4A1700B3FAB6 /* WheelchairApp */ = {
			isa = PBXGroup;
			children = (
				FB1848D32B1C4A1700B3FAB6 /* WheelchairAppApp.swift */,
				FB1848D52B1C4A1700B3FAB6 /* ContentView.swift */,
				FB65D45C2B21BDED00AD6900 /* MarkerStore.swift */,
				FB65D45E2B225F7F00AD6900 /* Views */,
				FB65D45F2B22603A00AD6900 /* Components */,
				FB1848D72B1C4A1D00B3FAB6 /* Assets.xcassets */,
				FB65D4352B1D2F5100AD6900 /* LocationManager.swift */,
				FB1848D92B1C4A1D00B3FAB6 /* Preview Content */,
			);
			path = WheelchairApp;
			sourceTree = "<group>";
		};
		FB1848D92B1C4A1D00B3FAB6 /* Preview Content */ = {
			isa = PBXGroup;
			children = (
				FB1848DA2B1C4A1D00B3FAB6 /* Preview Assets.xcassets */,
			);
			path = "Preview Content";
			sourceTree = "<group>";
		};
		FB65D45E2B225F7F00AD6900 /* Views */ = {
			isa = PBXGroup;
			children = (
				FB65D4532B204D2500AD6900 /* AddPinInfoView.swift */,
				FB65D4332B1D2DC200AD6900 /* ConfirmLocationView.swift */,
				FB65D45A2B20835C00AD6900 /* DisplayPinInfoView.swift */,
			);
			path = Views;
			sourceTree = "<group>";
		};
		FB65D45F2B22603A00AD6900 /* Components */ = {
			isa = PBXGroup;
			children = (
				FB65D4562B2055B800AD6900 /* MoveablePinMap.swift */,
				FB65D4312B1D2B2000AD6900 /* MainMap.swift */,
				FB65D4602B25831500AD6900 /* MapTest.swift */,
				FB65D4582B206B7200AD6900 /* DraggablePinData.swift */,
			);
			path = Components;
			sourceTree = "<group>";
		};
/* End PBXGroup section */

/* Begin PBXNativeTarget section */
		FB1848CF2B1C4A1700B3FAB6 /* WheelchairApp */ = {
			isa = PBXNativeTarget;
			buildConfigurationList = FB1848DE2B1C4A1D00B3FAB6 /* Build configuration list for PBXNativeTarget "WheelchairApp" */;
			buildPhases = (
				FB1848CC2B1C4A1700B3FAB6 /* Sources */,
				FB1848CD2B1C4A1700B3FAB6 /* Frameworks */,
				FB1848CE2B1C4A1700B3FAB6 /* Resources */,
			);
			buildRules = (
			);
			dependencies = (
			);
			name = WheelchairApp;
			productName = WheelchairApp;
			productReference = FB1848D02B1C4A1700B3FAB6 /* WheelchairApp.app */;
			productType = "com.apple.product-type.application";
		};
/* End PBXNativeTarget section */

/* Begin PBXProject section */
		FB1848C82B1C4A1700B3FAB6 /* Project object */ = {
			isa = PBXProject;
			attributes = {
				BuildIndependentTargetsInParallel = 1;
				LastSwiftUpdateCheck = 1500;
				LastUpgradeCheck = 1500;
				TargetAttributes = {
					FB1848CF2B1C4A1700B3FAB6 = {
						CreatedOnToolsVersion = 15.0.1;
					};
				};
			};
			buildConfigurationList = FB1848CB2B1C4A1700B3FAB6 /* Build configuration list for PBXProject "WheelchairApp" */;
			compatibilityVersion = "Xcode 14.0";
			developmentRegion = en;
			hasScannedForEncodings = 0;
			knownRegions = (
				en,
				Base,
			);
			mainGroup = FB1848C72B1C4A1700B3FAB6;
			productRefGroup = FB1848D12B1C4A1700B3FAB6 /* Products */;
			projectDirPath = "";
			projectRoot = "";
			targets = (
				FB1848CF2B1C4A1700B3FAB6 /* WheelchairApp */,
			);
		};
/* End PBXProject section */

/* Begin PBXResourcesBuildPhase section */
		FB1848CE2B1C4A1700B3FAB6 /* Resources */ = {
			isa = PBXResourcesBuildPhase;
			buildActionMask = 2147483647;
			files = (
				FB1848DB2B1C4A1D00B3FAB6 /* Preview Assets.xcassets in Resources */,
				FB1848D82B1C4A1D00B3FAB6 /* Assets.xcassets in Resources */,
			);
			runOnlyForDeploymentPostprocessing = 0;
		};
/* End PBXResourcesBuildPhase section */

/* Begin PBXSourcesBuildPhase section */
		FB1848CC2B1C4A1700B3FAB6 /* Sources */ = {
			isa = PBXSourcesBuildPhase;
			buildActionMask = 2147483647;
			files = (
				FB65D4632B258EF700AD6900 /* TestView.swift in Sources */,
				FB65D4612B25831500AD6900 /* MapTest.swift in Sources */,
				FB65D45D2B21BDED00AD6900 /* MarkerStore.swift in Sources */,
				FB65D45B2B20835C00AD6900 /* DisplayPinInfoView.swift in Sources */,
				FB65D4592B206B7300AD6900 /* DraggablePinData.swift in Sources */,
				FB65D4342B1D2DC200AD6900 /* ConfirmLocationView.swift in Sources */,
				FB1848D62B1C4A1700B3FAB6 /* ContentView.swift in Sources */,
				FB65D4362B1D2F5100AD6900 /* LocationManager.swift in Sources */,
				FB65D4542B204D2500AD6900 /* AddPinInfoView.swift in Sources */,
				FB1848D42B1C4A1700B3FAB6 /* WheelchairAppApp.swift in Sources */,
				FB65D4572B2055B800AD6900 /* MoveablePinMap.swift in Sources */,
				FB65D4322B1D2B2000AD6900 /* MainMap.swift in Sources */,
			);
			runOnlyForDeploymentPostprocessing = 0;
		};
/* End PBXSourcesBuildPhase section */

/* Begin XCBuildConfiguration section */
		FB1848DC2B1C4A1D00B3FAB6 /* Debug */ = {
			isa = XCBuildConfiguration;
			buildSettings = {
				ALWAYS_SEARCH_USER_PATHS = NO;
				ASSETCATALOG_COMPILER_GENERATE_SWIFT_ASSET_SYMBOL_EXTENSIONS = YES;
				CLANG_ANALYZER_NONNULL = YES;
				CLANG_ANALYZER_NUMBER_OBJECT_CONVERSION = YES_AGGRESSIVE;
				CLANG_CXX_LANGUAGE_STANDARD = "gnu++20";
				CLANG_ENABLE_MODULES = YES;
				CLANG_ENABLE_OBJC_ARC = YES;
				CLANG_ENABLE_OBJC_WEAK = YES;
				CLANG_WARN_BLOCK_CAPTURE_AUTORELEASING = YES;
				CLANG_WARN_BOOL_CONVERSION = YES;
				CLANG_WARN_COMMA = YES;
				CLANG_WARN_CONSTANT_CONVERSION = YES;
				CLANG_WARN_DEPRECATED_OBJC_IMPLEMENTATIONS = YES;
				CLANG_WARN_DIRECT_OBJC_ISA_USAGE = YES_ERROR;
				CLANG_WARN_DOCUMENTATION_COMMENTS = YES;
				CLANG_WARN_EMPTY_BODY = YES;
				CLANG_WARN_ENUM_CONVERSION = YES;
				CLANG_WARN_INFINITE_RECURSION = YES;
				CLANG_WARN_INT_CONVERSION = YES;
				CLANG_WARN_NON_LITERAL_NULL_CONVERSION = YES;
				CLANG_WARN_OBJC_IMPLICIT_RETAIN_SELF = YES;
				CLANG_WARN_OBJC_LITERAL_CONVERSION = YES;
				CLANG_WARN_OBJC_ROOT_CLASS = YES_ERROR;
				CLANG_WARN_QUOTED_INCLUDE_IN_FRAMEWORK_HEADER = YES;
				CLANG_WARN_RANGE_LOOP_ANALYSIS = YES;
				CLANG_WARN_STRICT_PROTOTYPES = YES;
				CLANG_WARN_SUSPICIOUS_MOVE = YES;
				CLANG_WARN_UNGUARDED_AVAILABILITY = YES_AGGRESSIVE;
				CLANG_WARN_UNREACHABLE_CODE = YES;
				CLANG_WARN__DUPLICATE_METHOD_MATCH = YES;
				COPY_PHASE_STRIP = NO;
				DEBUG_INFORMATION_FORMAT = dwarf;
				ENABLE_STRICT_OBJC_MSGSEND = YES;
				ENABLE_TESTABILITY = YES;
				ENABLE_USER_SCRIPT_SANDBOXING = YES;
				GCC_C_LANGUAGE_STANDARD = gnu17;
				GCC_DYNAMIC_NO_PIC = NO;
				GCC_NO_COMMON_BLOCKS = YES;
				GCC_OPTIMIZATION_LEVEL = 0;
				GCC_PREPROCESSOR_DEFINITIONS = (
					"DEBUG=1",
					"$(inherited)",
				);
				GCC_WARN_64_TO_32_BIT_CONVERSION = YES;
				GCC_WARN_ABOUT_RETURN_TYPE = YES_ERROR;
				GCC_WARN_UNDECLARED_SELECTOR = YES;
				GCC_WARN_UNINITIALIZED_AUTOS = YES_AGGRESSIVE;
				GCC_WARN_UNUSED_FUNCTION = YES;
				GCC_WARN_UNUSED_VARIABLE = YES;
				IPHONEOS_DEPLOYMENT_TARGET = 17.0;
				LOCALIZATION_PREFERS_STRING_CATALOGS = YES;
				MTL_ENABLE_DEBUG_INFO = INCLUDE_SOURCE;
				MTL_FAST_MATH = YES;
				ONLY_ACTIVE_ARCH = YES;
				SDKROOT = iphoneos;
				SWIFT_ACTIVE_COMPILATION_CONDITIONS = "DEBUG $(inherited)";
				SWIFT_OPTIMIZATION_LEVEL = "-Onone";
			};
			name = Debug;
		};
		FB1848DD2B1C4A1D00B3FAB6 /* Release */ = {
			isa = XCBuildConfiguration;
			buildSettings = {
				ALWAYS_SEARCH_USER_PATHS = NO;
				ASSETCATALOG_COMPILER_GENERATE_SWIFT_ASSET_SYMBOL_EXTENSIONS = YES;
				CLANG_ANALYZER_NONNULL = YES;
				CLANG_ANALYZER_NUMBER_OBJECT_CONVERSION = YES_AGGRESSIVE;
				CLANG_CXX_LANGUAGE_STANDARD = "gnu++20";
				CLANG_ENABLE_MODULES = YES;
				CLANG_ENABLE_OBJC_ARC = YES;
				CLANG_ENABLE_OBJC_WEAK = YES;
				CLANG_WARN_BLOCK_CAPTURE_AUTORELEASING = YES;
				CLANG_WARN_BOOL_CONVERSION = YES;
				CLANG_WARN_COMMA = YES;
				CLANG_WARN_CONSTANT_CONVERSION = YES;
				CLANG_WARN_DEPRECATED_OBJC_IMPLEMENTATIONS = YES;
				CLANG_WARN_DIRECT_OBJC_ISA_USAGE = YES_ERROR;
				CLANG_WARN_DOCUMENTATION_COMMENTS = YES;
				CLANG_WARN_EMPTY_BODY = YES;
				CLANG_WARN_ENUM_CONVERSION = YES;
				CLANG_WARN_INFINITE_RECURSION = YES;
				CLANG_WARN_INT_CONVERSION = YES;
				CLANG_WARN_NON_LITERAL_NULL_CONVERSION = YES;
				CLANG_WARN_OBJC_IMPLICIT_RETAIN_SELF = YES;
				CLANG_WARN_OBJC_LITERAL_CONVERSION = YES;
				CLANG_WARN_OBJC_ROOT_CLASS = YES_ERROR;
				CLANG_WARN_QUOTED_INCLUDE_IN_FRAMEWORK_HEADER = YES;
				CLANG_WARN_RANGE_LOOP_ANALYSIS = YES;
				CLANG_WARN_STRICT_PROTOTYPES = YES;
				CLANG_WARN_SUSPICIOUS_MOVE = YES;
				CLANG_WARN_UNGUARDED_AVAILABILITY = YES_AGGRESSIVE;
				CLANG_WARN_UNREACHABLE_CODE = YES;
				CLANG_WARN__DUPLICATE_METHOD_MATCH = YES;
				COPY_PHASE_STRIP = NO;
				DEBUG_INFORMATION_FORMAT = "dwarf-with-dsym";
				ENABLE_NS_ASSERTIONS = NO;
				ENABLE_STRICT_OBJC_MSGSEND = YES;
				ENABLE_USER_SCRIPT_SANDBOXING = YES;
				GCC_C_LANGUAGE_STANDARD = gnu17;
				GCC_NO_COMMON_BLOCKS = YES;
				GCC_WARN_64_TO_32_BIT_CONVERSION = YES;
				GCC_WARN_ABOUT_RETURN_TYPE = YES_ERROR;
				GCC_WARN_UNDECLARED_SELECTOR = YES;
				GCC_WARN_UNINITIALIZED_AUTOS = YES_AGGRESSIVE;
				GCC_WARN_UNUSED_FUNCTION = YES;
				GCC_WARN_UNUSED_VARIABLE = YES;
				IPHONEOS_DEPLOYMENT_TARGET = 17.0;
				LOCALIZATION_PREFERS_STRING_CATALOGS = YES;
				MTL_ENABLE_DEBUG_INFO = NO;
				MTL_FAST_MATH = YES;
				SDKROOT = iphoneos;
				SWIFT_COMPILATION_MODE = wholemodule;
				VALIDATE_PRODUCT = YES;
			};
			name = Release;
		};
		FB1848DF2B1C4A1D00B3FAB6 /* Debug */ = {
			isa = XCBuildConfiguration;
			buildSettings = {
				ASSETCATALOG_COMPILER_APPICON_NAME = AppIcon;
				ASSETCATALOG_COMPILER_GLOBAL_ACCENT_COLOR_NAME = AccentColor;
				CODE_SIGN_STYLE = Automatic;
				CURRENT_PROJECT_VERSION = 1;
				DEVELOPMENT_ASSET_PATHS = "\"WheelchairApp/Preview Content\"";
				DEVELOPMENT_TEAM = GCK2X28RV5;
				ENABLE_PREVIEWS = YES;
				GENERATE_INFOPLIST_FILE = YES;
				INFOPLIST_KEY_NSLocationWhenInUseUsageDescription = "";
				INFOPLIST_KEY_UIApplicationSceneManifest_Generation = YES;
				INFOPLIST_KEY_UIApplicationSupportsIndirectInputEvents = YES;
				INFOPLIST_KEY_UILaunchScreen_Generation = YES;
				INFOPLIST_KEY_UISupportedInterfaceOrientations_iPad = "UIInterfaceOrientationPortrait UIInterfaceOrientationPortraitUpsideDown UIInterfaceOrientationLandscapeLeft UIInterfaceOrientationLandscapeRight";
				INFOPLIST_KEY_UISupportedInterfaceOrientations_iPhone = "UIInterfaceOrientationPortrait UIInterfaceOrientationLandscapeLeft UIInterfaceOrientationLandscapeRight";
				LD_RUNPATH_SEARCH_PATHS = (
					"$(inherited)",
					"@executable_path/Frameworks",
				);
				MARKETING_VERSION = 1.0;
				PRODUCT_BUNDLE_IDENTIFIER = none.WheelchairApp;
				PRODUCT_NAME = "$(TARGET_NAME)";
				SWIFT_EMIT_LOC_STRINGS = YES;
				SWIFT_VERSION = 5.0;
				TARGETED_DEVICE_FAMILY = "1,2";
			};
			name = Debug;
		};
		FB1848E02B1C4A1D00B3FAB6 /* Release */ = {
			isa = XCBuildConfiguration;
			buildSettings = {
				ASSETCATALOG_COMPILER_APPICON_NAME = AppIcon;
				ASSETCATALOG_COMPILER_GLOBAL_ACCENT_COLOR_NAME = AccentColor;
				CODE_SIGN_STYLE = Automatic;
				CURRENT_PROJECT_VERSION = 1;
				DEVELOPMENT_ASSET_PATHS = "\"WheelchairApp/Preview Content\"";
				DEVELOPMENT_TEAM = GCK2X28RV5;
				ENABLE_PREVIEWS = YES;
				GENERATE_INFOPLIST_FILE = YES;
				INFOPLIST_KEY_NSLocationWhenInUseUsageDescription = "";
				INFOPLIST_KEY_UIApplicationSceneManifest_Generation = YES;
				INFOPLIST_KEY_UIApplicationSupportsIndirectInputEvents = YES;
				INFOPLIST_KEY_UILaunchScreen_Generation = YES;
				INFOPLIST_KEY_UISupportedInterfaceOrientations_iPad = "UIInterfaceOrientationPortrait UIInterfaceOrientationPortraitUpsideDown UIInterfaceOrientationLandscapeLeft UIInterfaceOrientationLandscapeRight";
				INFOPLIST_KEY_UISupportedInterfaceOrientations_iPhone = "UIInterfaceOrientationPortrait UIInterfaceOrientationLandscapeLeft UIInterfaceOrientationLandscapeRight";
				LD_RUNPATH_SEARCH_PATHS = (
					"$(inherited)",
					"@executable_path/Frameworks",
				);
				MARKETING_VERSION = 1.0;
				PRODUCT_BUNDLE_IDENTIFIER = none.WheelchairApp;
				PRODUCT_NAME = "$(TARGET_NAME)";
				SWIFT_EMIT_LOC_STRINGS = YES;
				SWIFT_VERSION = 5.0;
				TARGETED_DEVICE_FAMILY = "1,2";
			};
			name = Release;
		};
/* End XCBuildConfiguration section */

/* Begin XCConfigurationList section */
		FB1848CB2B1C4A1700B3FAB6 /* Build configuration list for PBXProject "WheelchairApp" */ = {
			isa = XCConfigurationList;
			buildConfigurations = (
				FB1848DC2B1C4A1D00B3FAB6 /* Debug */,
				FB1848DD2B1C4A1D00B3FAB6 /* Release */,
			);
			defaultConfigurationIsVisible = 0;
			defaultConfigurationName = Release;
		};
		FB1848DE2B1C4A1D00B3FAB6 /* Build configuration list for PBXNativeTarget "WheelchairApp" */ = {
			isa = XCConfigurationList;
			buildConfigurations = (
				FB1848DF2B1C4A1D00B3FAB6 /* Debug */,
				FB1848E02B1C4A1D00B3FAB6 /* Release */,
			);
			defaultConfigurationIsVisible = 0;
			defaultConfigurationName = Release;
		};
/* End XCConfigurationList section */
	};
	rootObject = FB1848C82B1C4A1700B3FAB6 /* Project object */;
}
