// !$*UTF8*$!
{
	archiveVersion = 1;
	classes = {
	};
	objectVersion = 56;
	objects = {

/* Begin PBXBuildFile section */
		FBB1B3F12AD87AC000EE126F /* ListNavDemoApp.swift in Sources */ = {isa = PBXBuildFile; fileRef = FBB1B3F02AD87AC000EE126F /* ListNavDemoApp.swift */; };
		FBB1B3F32AD87AC000EE126F /* ContentView.swift in Sources */ = {isa = PBXBuildFile; fileRef = FBB1B3F22AD87AC000EE126F /* ContentView.swift */; };
		FBB1B3F52AD87AC500EE126F /* Assets.xcassets in Resources */ = {isa = PBXBuildFile; fileRef = FBB1B3F42AD87AC500EE126F /* Assets.xcassets */; };
		FBB1B3F92AD87AC500EE126F /* Preview Assets.xcassets in Resources */ = {isa = PBXBuildFile; fileRef = FBB1B3F82AD87AC500EE126F /* Preview Assets.xcassets */; };
		FBB1B4052AD87B5D00EE126F /* toyota_prius.imageset in Resources */ = {isa = PBXBuildFile; fileRef = FBB1B3FF2AD87B5D00EE126F /* toyota_prius.imageset */; };
		FBB1B4062AD87B5D00EE126F /* chevrolet_volt.imageset in Resources */ = {isa = PBXBuildFile; fileRef = FBB1B4002AD87B5D00EE126F /* chevrolet_volt.imageset */; };
		FBB1B4072AD87B5D00EE126F /* tesla_model_3.imageset in Resources */ = {isa = PBXBuildFile; fileRef = FBB1B4012AD87B5D00EE126F /* tesla_model_3.imageset */; };
		FBB1B4082AD87B5D00EE126F /* tesla_model_s.imageset in Resources */ = {isa = PBXBuildFile; fileRef = FBB1B4022AD87B5D00EE126F /* tesla_model_s.imageset */; };
		FBB1B4092AD87B5D00EE126F /* Contents.json in Resources */ = {isa = PBXBuildFile; fileRef = FBB1B4032AD87B5D00EE126F /* Contents.json */; };
		FBB1B40A2AD87B5D00EE126F /* nissan_leaf.imageset in Resources */ = {isa = PBXBuildFile; fileRef = FBB1B4042AD87B5D00EE126F /* nissan_leaf.imageset */; };
/* End PBXBuildFile section */

/* Begin PBXFileReference section */
		FBB1B3ED2AD87AC000EE126F /* ListNavDemo.app */ = {isa = PBXFileReference; explicitFileType = wrapper.application; includeInIndex = 0; path = ListNavDemo.app; sourceTree = BUILT_PRODUCTS_DIR; };
		FBB1B3F02AD87AC000EE126F /* ListNavDemoApp.swift */ = {isa = PBXFileReference; lastKnownFileType = sourcecode.swift; path = ListNavDemoApp.swift; sourceTree = "<group>"; };
		FBB1B3F22AD87AC000EE126F /* ContentView.swift */ = {isa = PBXFileReference; lastKnownFileType = sourcecode.swift; path = ContentView.swift; sourceTree = "<group>"; };
		FBB1B3F42AD87AC500EE126F /* Assets.xcassets */ = {isa = PBXFileReference; lastKnownFileType = folder.assetcatalog; path = Assets.xcassets; sourceTree = "<group>"; };
		FBB1B3F62AD87AC500EE126F /* ListNavDemo.entitlements */ = {isa = PBXFileReference; lastKnownFileType = text.plist.entitlements; path = ListNavDemo.entitlements; sourceTree = "<group>"; };
		FBB1B3F82AD87AC500EE126F /* Preview Assets.xcassets */ = {isa = PBXFileReference; lastKnownFileType = folder.assetcatalog; path = "Preview Assets.xcassets"; sourceTree = "<group>"; };
		FBB1B3FF2AD87B5D00EE126F /* toyota_prius.imageset */ = {isa = PBXFileReference; lastKnownFileType = folder; name = toyota_prius.imageset; path = ../../../../../Downloads/CarAssets.xcassets/toyota_prius.imageset; sourceTree = "<group>"; };
		FBB1B4002AD87B5D00EE126F /* chevrolet_volt.imageset */ = {isa = PBXFileReference; lastKnownFileType = folder; name = chevrolet_volt.imageset; path = ../../../../../Downloads/CarAssets.xcassets/chevrolet_volt.imageset; sourceTree = "<group>"; };
		FBB1B4012AD87B5D00EE126F /* tesla_model_3.imageset */ = {isa = PBXFileReference; lastKnownFileType = folder; name = tesla_model_3.imageset; path = ../../../../../Downloads/CarAssets.xcassets/tesla_model_3.imageset; sourceTree = "<group>"; };
		FBB1B4022AD87B5D00EE126F /* tesla_model_s.imageset */ = {isa = PBXFileReference; lastKnownFileType = folder; name = tesla_model_s.imageset; path = ../../../../../Downloads/CarAssets.xcassets/tesla_model_s.imageset; sourceTree = "<group>"; };
		FBB1B4032AD87B5D00EE126F /* Contents.json */ = {isa = PBXFileReference; fileEncoding = 4; lastKnownFileType = text.json; name = Contents.json; path = ../../../../../Downloads/CarAssets.xcassets/Contents.json; sourceTree = "<group>"; };
		FBB1B4042AD87B5D00EE126F /* nissan_leaf.imageset */ = {isa = PBXFileReference; lastKnownFileType = folder; name = nissan_leaf.imageset; path = ../../../../../Downloads/CarAssets.xcassets/nissan_leaf.imageset; sourceTree = "<group>"; };
/* End PBXFileReference section */

/* Begin PBXFrameworksBuildPhase section */
		FBB1B3EA2AD87AC000EE126F /* Frameworks */ = {
			isa = PBXFrameworksBuildPhase;
			buildActionMask = 2147483647;
			files = (
			);
			runOnlyForDeploymentPostprocessing = 0;
		};
/* End PBXFrameworksBuildPhase section */

/* Begin PBXGroup section */
		FBB1B3E42AD87AC000EE126F = {
			isa = PBXGroup;
			children = (
				FBB1B3EF2AD87AC000EE126F /* ListNavDemo */,
				FBB1B3EE2AD87AC000EE126F /* Products */,
			);
			sourceTree = "<group>";
		};
		FBB1B3EE2AD87AC000EE126F /* Products */ = {
			isa = PBXGroup;
			children = (
				FBB1B3ED2AD87AC000EE126F /* ListNavDemo.app */,
			);
			name = Products;
			sourceTree = "<group>";
		};
		FBB1B3EF2AD87AC000EE126F /* ListNavDemo */ = {
			isa = PBXGroup;
			children = (
				FBB1B3F02AD87AC000EE126F /* ListNavDemoApp.swift */,
				FBB1B3F22AD87AC000EE126F /* ContentView.swift */,
				FBB1B3F42AD87AC500EE126F /* Assets.xcassets */,
				FBB1B3F62AD87AC500EE126F /* ListNavDemo.entitlements */,
				FBB1B3F72AD87AC500EE126F /* CarAssets */,
			);
			path = ListNavDemo;
			sourceTree = "<group>";
		};
		FBB1B3F72AD87AC500EE126F /* CarAssets */ = {
			isa = PBXGroup;
			children = (
				FBB1B4002AD87B5D00EE126F /* chevrolet_volt.imageset */,
				FBB1B4032AD87B5D00EE126F /* Contents.json */,
				FBB1B4042AD87B5D00EE126F /* nissan_leaf.imageset */,
				FBB1B4012AD87B5D00EE126F /* tesla_model_3.imageset */,
				FBB1B4022AD87B5D00EE126F /* tesla_model_s.imageset */,
				FBB1B3FF2AD87B5D00EE126F /* toyota_prius.imageset */,
				FBB1B3F82AD87AC500EE126F /* Preview Assets.xcassets */,
			);
			path = CarAssets;
			sourceTree = "<group>";
		};
/* End PBXGroup section */

/* Begin PBXNativeTarget section */
		FBB1B3EC2AD87AC000EE126F /* ListNavDemo */ = {
			isa = PBXNativeTarget;
			buildConfigurationList = FBB1B3FC2AD87AC500EE126F /* Build configuration list for PBXNativeTarget "ListNavDemo" */;
			buildPhases = (
				FBB1B3E92AD87AC000EE126F /* Sources */,
				FBB1B3EA2AD87AC000EE126F /* Frameworks */,
				FBB1B3EB2AD87AC000EE126F /* Resources */,
			);
			buildRules = (
			);
			dependencies = (
			);
			name = ListNavDemo;
			productName = ListNavDemo;
			productReference = FBB1B3ED2AD87AC000EE126F /* ListNavDemo.app */;
			productType = "com.apple.product-type.application";
		};
/* End PBXNativeTarget section */

/* Begin PBXProject section */
		FBB1B3E52AD87AC000EE126F /* Project object */ = {
			isa = PBXProject;
			attributes = {
				BuildIndependentTargetsInParallel = 1;
				LastSwiftUpdateCheck = 1500;
				LastUpgradeCheck = 1500;
				TargetAttributes = {
					FBB1B3EC2AD87AC000EE126F = {
						CreatedOnToolsVersion = 15.0;
					};
				};
			};
			buildConfigurationList = FBB1B3E82AD87AC000EE126F /* Build configuration list for PBXProject "ListNavDemo" */;
			compatibilityVersion = "Xcode 14.0";
			developmentRegion = en;
			hasScannedForEncodings = 0;
			knownRegions = (
				en,
				Base,
			);
			mainGroup = FBB1B3E42AD87AC000EE126F;
			productRefGroup = FBB1B3EE2AD87AC000EE126F /* Products */;
			projectDirPath = "";
			projectRoot = "";
			targets = (
				FBB1B3EC2AD87AC000EE126F /* ListNavDemo */,
			);
		};
/* End PBXProject section */

/* Begin PBXResourcesBuildPhase section */
		FBB1B3EB2AD87AC000EE126F /* Resources */ = {
			isa = PBXResourcesBuildPhase;
			buildActionMask = 2147483647;
			files = (
				FBB1B4062AD87B5D00EE126F /* chevrolet_volt.imageset in Resources */,
				FBB1B4072AD87B5D00EE126F /* tesla_model_3.imageset in Resources */,
				FBB1B4082AD87B5D00EE126F /* tesla_model_s.imageset in Resources */,
				FBB1B3F92AD87AC500EE126F /* Preview Assets.xcassets in Resources */,
				FBB1B40A2AD87B5D00EE126F /* nissan_leaf.imageset in Resources */,
				FBB1B4052AD87B5D00EE126F /* toyota_prius.imageset in Resources */,
				FBB1B3F52AD87AC500EE126F /* Assets.xcassets in Resources */,
				FBB1B4092AD87B5D00EE126F /* Contents.json in Resources */,
			);
			runOnlyForDeploymentPostprocessing = 0;
		};
/* End PBXResourcesBuildPhase section */

/* Begin PBXSourcesBuildPhase section */
		FBB1B3E92AD87AC000EE126F /* Sources */ = {
			isa = PBXSourcesBuildPhase;
			buildActionMask = 2147483647;
			files = (
				FBB1B3F32AD87AC000EE126F /* ContentView.swift in Sources */,
				FBB1B3F12AD87AC000EE126F /* ListNavDemoApp.swift in Sources */,
			);
			runOnlyForDeploymentPostprocessing = 0;
		};
/* End PBXSourcesBuildPhase section */

/* Begin XCBuildConfiguration section */
		FBB1B3FA2AD87AC500EE126F /* Debug */ = {
			isa = XCBuildConfiguration;
			buildSettings = {
				ALWAYS_SEARCH_USER_PATHS = NO;
				ASSETCATALOG_COMPILER_GENERATE_SWIFT_ASSET_SYMBOL_EXTENSIONS = YES;
				CLANG_ANALYZER_NONNULL = YES;
				CLANG_ANALYZER_NUMBER_OBJECT_CONVERSION = YES_AGGRESSIVE;
				CLANG_CXX_LANGUAGE_STANDARD = "gnu++20";
				CLANG_ENABLE_MODULES = YES;
				CLANG_ENABLE_OBJC_ARC = YES;
				CLANG_ENABLE_OBJC_WEAK = YES;
				CLANG_WARN_BLOCK_CAPTURE_AUTORELEASING = YES;
				CLANG_WARN_BOOL_CONVERSION = YES;
				CLANG_WARN_COMMA = YES;
				CLANG_WARN_CONSTANT_CONVERSION = YES;
				CLANG_WARN_DEPRECATED_OBJC_IMPLEMENTATIONS = YES;
				CLANG_WARN_DIRECT_OBJC_ISA_USAGE = YES_ERROR;
				CLANG_WARN_DOCUMENTATION_COMMENTS = YES;
				CLANG_WARN_EMPTY_BODY = YES;
				CLANG_WARN_ENUM_CONVERSION = YES;
				CLANG_WARN_INFINITE_RECURSION = YES;
				CLANG_WARN_INT_CONVERSION = YES;
				CLANG_WARN_NON_LITERAL_NULL_CONVERSION = YES;
				CLANG_WARN_OBJC_IMPLICIT_RETAIN_SELF = YES;
				CLANG_WARN_OBJC_LITERAL_CONVERSION = YES;
				CLANG_WARN_OBJC_ROOT_CLASS = YES_ERROR;
				CLANG_WARN_QUOTED_INCLUDE_IN_FRAMEWORK_HEADER = YES;
				CLANG_WARN_RANGE_LOOP_ANALYSIS = YES;
				CLANG_WARN_STRICT_PROTOTYPES = YES;
				CLANG_WARN_SUSPICIOUS_MOVE = YES;
				CLANG_WARN_UNGUARDED_AVAILABILITY = YES_AGGRESSIVE;
				CLANG_WARN_UNREACHABLE_CODE = YES;
				CLANG_WARN__DUPLICATE_METHOD_MATCH = YES;
				COPY_PHASE_STRIP = NO;
				DEBUG_INFORMATION_FORMAT = dwarf;
				ENABLE_STRICT_OBJC_MSGSEND = YES;
				ENABLE_TESTABILITY = YES;
				ENABLE_USER_SCRIPT_SANDBOXING = YES;
				GCC_C_LANGUAGE_STANDARD = gnu17;
				GCC_DYNAMIC_NO_PIC = NO;
				GCC_NO_COMMON_BLOCKS = YES;
				GCC_OPTIMIZATION_LEVEL = 0;
				GCC_PREPROCESSOR_DEFINITIONS = (
					"DEBUG=1",
					"$(inherited)",
				);
				GCC_WARN_64_TO_32_BIT_CONVERSION = YES;
				GCC_WARN_ABOUT_RETURN_TYPE = YES_ERROR;
				GCC_WARN_UNDECLARED_SELECTOR = YES;
				GCC_WARN_UNINITIALIZED_AUTOS = YES_AGGRESSIVE;
				GCC_WARN_UNUSED_FUNCTION = YES;
				GCC_WARN_UNUSED_VARIABLE = YES;
				LOCALIZATION_PREFERS_STRING_CATALOGS = YES;
				MTL_ENABLE_DEBUG_INFO = INCLUDE_SOURCE;
				MTL_FAST_MATH = YES;
				ONLY_ACTIVE_ARCH = YES;
				SWIFT_ACTIVE_COMPILATION_CONDITIONS = "DEBUG $(inherited)";
				SWIFT_OPTIMIZATION_LEVEL = "-Onone";
			};
			name = Debug;
		};
		FBB1B3FB2AD87AC500EE126F /* Release */ = {
			isa = XCBuildConfiguration;
			buildSettings = {
				ALWAYS_SEARCH_USER_PATHS = NO;
				ASSETCATALOG_COMPILER_GENERATE_SWIFT_ASSET_SYMBOL_EXTENSIONS = YES;
				CLANG_ANALYZER_NONNULL = YES;
				CLANG_ANALYZER_NUMBER_OBJECT_CONVERSION = YES_AGGRESSIVE;
				CLANG_CXX_LANGUAGE_STANDARD = "gnu++20";
				CLANG_ENABLE_MODULES = YES;
				CLANG_ENABLE_OBJC_ARC = YES;
				CLANG_ENABLE_OBJC_WEAK = YES;
				CLANG_WARN_BLOCK_CAPTURE_AUTORELEASING = YES;
				CLANG_WARN_BOOL_CONVERSION = YES;
				CLANG_WARN_COMMA = YES;
				CLANG_WARN_CONSTANT_CONVERSION = YES;
				CLANG_WARN_DEPRECATED_OBJC_IMPLEMENTATIONS = YES;
				CLANG_WARN_DIRECT_OBJC_ISA_USAGE = YES_ERROR;
				CLANG_WARN_DOCUMENTATION_COMMENTS = YES;
				CLANG_WARN_EMPTY_BODY = YES;
				CLANG_WARN_ENUM_CONVERSION = YES;
				CLANG_WARN_INFINITE_RECURSION = YES;
				CLANG_WARN_INT_CONVERSION = YES;
				CLANG_WARN_NON_LITERAL_NULL_CONVERSION = YES;
				CLANG_WARN_OBJC_IMPLICIT_RETAIN_SELF = YES;
				CLANG_WARN_OBJC_LITERAL_CONVERSION = YES;
				CLANG_WARN_OBJC_ROOT_CLASS = YES_ERROR;
				CLANG_WARN_QUOTED_INCLUDE_IN_FRAMEWORK_HEADER = YES;
				CLANG_WARN_RANGE_LOOP_ANALYSIS = YES;
				CLANG_WARN_STRICT_PROTOTYPES = YES;
				CLANG_WARN_SUSPICIOUS_MOVE = YES;
				CLANG_WARN_UNGUARDED_AVAILABILITY = YES_AGGRESSIVE;
				CLANG_WARN_UNREACHABLE_CODE = YES;
				CLANG_WARN__DUPLICATE_METHOD_MATCH = YES;
				COPY_PHASE_STRIP = NO;
				DEBUG_INFORMATION_FORMAT = "dwarf-with-dsym";
				ENABLE_NS_ASSERTIONS = NO;
				ENABLE_STRICT_OBJC_MSGSEND = YES;
				ENABLE_USER_SCRIPT_SANDBOXING = YES;
				GCC_C_LANGUAGE_STANDARD = gnu17;
				GCC_NO_COMMON_BLOCKS = YES;
				GCC_WARN_64_TO_32_BIT_CONVERSION = YES;
				GCC_WARN_ABOUT_RETURN_TYPE = YES_ERROR;
				GCC_WARN_UNDECLARED_SELECTOR = YES;
				GCC_WARN_UNINITIALIZED_AUTOS = YES_AGGRESSIVE;
				GCC_WARN_UNUSED_FUNCTION = YES;
				GCC_WARN_UNUSED_VARIABLE = YES;
				LOCALIZATION_PREFERS_STRING_CATALOGS = YES;
				MTL_ENABLE_DEBUG_INFO = NO;
				MTL_FAST_MATH = YES;
				SWIFT_COMPILATION_MODE = wholemodule;
			};
			name = Release;
		};
		FBB1B3FD2AD87AC500EE126F /* Debug */ = {
			isa = XCBuildConfiguration;
			buildSettings = {
				ASSETCATALOG_COMPILER_APPICON_NAME = AppIcon;
				ASSETCATALOG_COMPILER_GLOBAL_ACCENT_COLOR_NAME = AccentColor;
				CODE_SIGN_ENTITLEMENTS = ListNavDemo/ListNavDemo.entitlements;
				CODE_SIGN_STYLE = Automatic;
				CURRENT_PROJECT_VERSION = 1;
				DEVELOPMENT_ASSET_PATHS = "\"ListNavDemo/Preview Content\"";
				DEVELOPMENT_TEAM = GCK2X28RV5;
				ENABLE_HARDENED_RUNTIME = YES;
				ENABLE_PREVIEWS = YES;
				GENERATE_INFOPLIST_FILE = YES;
				"INFOPLIST_KEY_UIApplicationSceneManifest_Generation[sdk=iphoneos*]" = YES;
				"INFOPLIST_KEY_UIApplicationSceneManifest_Generation[sdk=iphonesimulator*]" = YES;
				"INFOPLIST_KEY_UIApplicationSupportsIndirectInputEvents[sdk=iphoneos*]" = YES;
				"INFOPLIST_KEY_UIApplicationSupportsIndirectInputEvents[sdk=iphonesimulator*]" = YES;
				"INFOPLIST_KEY_UILaunchScreen_Generation[sdk=iphoneos*]" = YES;
				"INFOPLIST_KEY_UILaunchScreen_Generation[sdk=iphonesimulator*]" = YES;
				"INFOPLIST_KEY_UIStatusBarStyle[sdk=iphoneos*]" = UIStatusBarStyleDefault;
				"INFOPLIST_KEY_UIStatusBarStyle[sdk=iphonesimulator*]" = UIStatusBarStyleDefault;
				INFOPLIST_KEY_UISupportedInterfaceOrientations_iPad = "UIInterfaceOrientationPortrait UIInterfaceOrientationPortraitUpsideDown UIInterfaceOrientationLandscapeLeft UIInterfaceOrientationLandscapeRight";
				INFOPLIST_KEY_UISupportedInterfaceOrientations_iPhone = "UIInterfaceOrientationPortrait UIInterfaceOrientationLandscapeLeft UIInterfaceOrientationLandscapeRight";
				IPHONEOS_DEPLOYMENT_TARGET = 17.0;
				LD_RUNPATH_SEARCH_PATHS = "@executable_path/Frameworks";
				"LD_RUNPATH_SEARCH_PATHS[sdk=macosx*]" = "@executable_path/../Frameworks";
				MACOSX_DEPLOYMENT_TARGET = 14.0;
				MARKETING_VERSION = 1.0;
				PRODUCT_BUNDLE_IDENTIFIER = none.ListNavDemo;
				PRODUCT_NAME = "$(TARGET_NAME)";
				SDKROOT = auto;
				SUPPORTED_PLATFORMS = "iphoneos iphonesimulator macosx";
				SWIFT_EMIT_LOC_STRINGS = YES;
				SWIFT_VERSION = 5.0;
				TARGETED_DEVICE_FAMILY = "1,2";
			};
			name = Debug;
		};
		FBB1B3FE2AD87AC500EE126F /* Release */ = {
			isa = XCBuildConfiguration;
			buildSettings = {
				ASSETCATALOG_COMPILER_APPICON_NAME = AppIcon;
				ASSETCATALOG_COMPILER_GLOBAL_ACCENT_COLOR_NAME = AccentColor;
				CODE_SIGN_ENTITLEMENTS = ListNavDemo/ListNavDemo.entitlements;
				CODE_SIGN_STYLE = Automatic;
				CURRENT_PROJECT_VERSION = 1;
				DEVELOPMENT_ASSET_PATHS = "\"ListNavDemo/Preview Content\"";
				DEVELOPMENT_TEAM = GCK2X28RV5;
				ENABLE_HARDENED_RUNTIME = YES;
				ENABLE_PREVIEWS = YES;
				GENERATE_INFOPLIST_FILE = YES;
				"INFOPLIST_KEY_UIApplicationSceneManifest_Generation[sdk=iphoneos*]" = YES;
				"INFOPLIST_KEY_UIApplicationSceneManifest_Generation[sdk=iphonesimulator*]" = YES;
				"INFOPLIST_KEY_UIApplicationSupportsIndirectInputEvents[sdk=iphoneos*]" = YES;
				"INFOPLIST_KEY_UIApplicationSupportsIndirectInputEvents[sdk=iphonesimulator*]" = YES;
				"INFOPLIST_KEY_UILaunchScreen_Generation[sdk=iphoneos*]" = YES;
				"INFOPLIST_KEY_UILaunchScreen_Generation[sdk=iphonesimulator*]" = YES;
				"INFOPLIST_KEY_UIStatusBarStyle[sdk=iphoneos*]" = UIStatusBarStyleDefault;
				"INFOPLIST_KEY_UIStatusBarStyle[sdk=iphonesimulator*]" = UIStatusBarStyleDefault;
				INFOPLIST_KEY_UISupportedInterfaceOrientations_iPad = "UIInterfaceOrientationPortrait UIInterfaceOrientationPortraitUpsideDown UIInterfaceOrientationLandscapeLeft UIInterfaceOrientationLandscapeRight";
				INFOPLIST_KEY_UISupportedInterfaceOrientations_iPhone = "UIInterfaceOrientationPortrait UIInterfaceOrientationLandscapeLeft UIInterfaceOrientationLandscapeRight";
				IPHONEOS_DEPLOYMENT_TARGET = 17.0;
				LD_RUNPATH_SEARCH_PATHS = "@executable_path/Frameworks";
				"LD_RUNPATH_SEARCH_PATHS[sdk=macosx*]" = "@executable_path/../Frameworks";
				MACOSX_DEPLOYMENT_TARGET = 14.0;
				MARKETING_VERSION = 1.0;
				PRODUCT_BUNDLE_IDENTIFIER = none.ListNavDemo;
				PRODUCT_NAME = "$(TARGET_NAME)";
				SDKROOT = auto;
				SUPPORTED_PLATFORMS = "iphoneos iphonesimulator macosx";
				SWIFT_EMIT_LOC_STRINGS = YES;
				SWIFT_VERSION = 5.0;
				TARGETED_DEVICE_FAMILY = "1,2";
			};
			name = Release;
		};
/* End XCBuildConfiguration section */

/* Begin XCConfigurationList section */
		FBB1B3E82AD87AC000EE126F /* Build configuration list for PBXProject "ListNavDemo" */ = {
			isa = XCConfigurationList;
			buildConfigurations = (
				FBB1B3FA2AD87AC500EE126F /* Debug */,
				FBB1B3FB2AD87AC500EE126F /* Release */,
			);
			defaultConfigurationIsVisible = 0;
			defaultConfigurationName = Release;
		};
		FBB1B3FC2AD87AC500EE126F /* Build configuration list for PBXNativeTarget "ListNavDemo" */ = {
			isa = XCConfigurationList;
			buildConfigurations = (
				FBB1B3FD2AD87AC500EE126F /* Debug */,
				FBB1B3FE2AD87AC500EE126F /* Release */,
			);
			defaultConfigurationIsVisible = 0;
			defaultConfigurationName = Release;
		};
/* End XCConfigurationList section */
	};
	rootObject = FBB1B3E52AD87AC000EE126F /* Project object */;
}
